{
  "version": 4,
  "terraform_version": "1.7.5",
  "serial": 12,
  "lineage": "08e84383-38e0-bc26-4753-6a624e5dda12",
  "outputs": {},
  "resources": [
    {
      "mode": "managed",
      "type": "digitalocean_droplet",
      "name": "data-forest",
      "provider": "provider[\"registry.terraform.io/digitalocean/digitalocean\"]",
      "instances": [
        {
          "schema_version": 1,
          "attributes": {
            "backups": false,
            "created_at": "2024-04-05T22:46:20Z",
            "disk": 25,
            "droplet_agent": null,
            "graceful_shutdown": false,
            "id": "411168483",
            "image": "ubuntu-23-10-x64",
            "ipv4_address": "24.144.91.158",
            "ipv4_address_private": "10.124.0.2",
            "ipv6": false,
            "ipv6_address": "",
            "locked": false,
            "memory": 1024,
            "monitoring": false,
            "name": "dada-forest",
            "price_hourly": 0.00893,
            "price_monthly": 6,
            "private_networking": true,
            "region": "sfo3",
            "resize_disk": true,
            "size": "s-1vcpu-1gb",
            "ssh_keys": null,
            "status": "active",
            "tags": null,
            "timeouts": null,
            "urn": "do:droplet:411168483",
            "user_data": "1a26a7a464f43afcb72434b50f4cbada0d836bec",
            "vcpus": 1,
            "volume_ids": [],
            "vpc_uuid": "5192db3a-8300-4ddb-88dd-34d246a0b6af"
          },
          "sensitive_attributes": [],
          "private": "eyJlMmJmYjczMC1lY2FhLTExZTYtOGY4OC0zNDM2M2JjN2M0YzAiOnsiY3JlYXRlIjozNjAwMDAwMDAwMDAwLCJkZWxldGUiOjYwMDAwMDAwMDAwLCJ1cGRhdGUiOjM2MDAwMDAwMDAwMDB9LCJzY2hlbWFfdmVyc2lvbiI6IjEifQ=="
        }
      ]
    }
  ],
  "check_results": null
}
